
Microsoft Visual Studio Solution File, Format Version 12.00
# Visual Studio Version 17
VisualStudioVersion = 17.0.31919.166
MinimumVisualStudioVersion = 10.0.40219.1
Project("{FAE04EC0-301F-11D3-BF4B-00C04F79EFBC}") = "ConsoleApp1", "ConsoleApp1\ConsoleApp1.csproj", "{8C4CE867-9639-4D03-A610-83054C8AF6CF}"
EndProject
Global
	GlobalSection(SolutionConfigurationPlatforms) = preSolution
		Debug|Any CPU = Debug|Any CPU
		Release|Any CPU = Release|Any CPU
	EndGlobalSection
	GlobalSection(ProjectConfigurationPlatforms) = postSolution
		{8C4CE867-9639-4D03-A610-83054C8AF6CF}.Debug|Any CPU.ActiveCfg = Debug|Any CPU
		{8C4CE867-9639-4D03-A610-83054C8AF6CF}.Debug|Any CPU.Build.0 = Debug|Any CPU
		{8C4CE867-9639-4D03-A610-83054C8AF6CF}.Release|Any CPU.ActiveCfg = Release|Any CPU
		{8C4CE867-9639-4D03-A610-83054C8AF6CF}.Release|Any CPU.Build.0 = Release|Any CPU
	EndGlobalSection
	GlobalSection(SolutionProperties) = preSolution
		HideSolutionNode = FALSE
	EndGlobalSection
	GlobalSection(ExtensibilityGlobals) = postSolution
		SolutionGuid = {44356006-BD0A-418C-A657-98788A91AB85}
	EndGlobalSection
EndGlobal
