
Microsoft Visual Studio Solution File, Format Version 12.00
# Visual Studio Version 17
VisualStudioVersion = 17.0.31919.166
MinimumVisualStudioVersion = 10.0.40219.1
Project("{FAE04EC0-301F-11D3-BF4B-00C04F79EFBC}") = "TheShop", "TheShop\TheShop.csproj", "{D6D23571-1949-4710-A860-1E3054006668}"
EndProject
Global
	GlobalSection(SolutionConfigurationPlatforms) = preSolution
		Debug|Any CPU = Debug|Any CPU
		Release|Any CPU = Release|Any CPU
	EndGlobalSection
	GlobalSection(ProjectConfigurationPlatforms) = postSolution
		{D6D23571-1949-4710-A860-1E3054006668}.Debug|Any CPU.ActiveCfg = Debug|Any CPU
		{D6D23571-1949-4710-A860-1E3054006668}.Debug|Any CPU.Build.0 = Debug|Any CPU
		{D6D23571-1949-4710-A860-1E3054006668}.Release|Any CPU.ActiveCfg = Release|Any CPU
		{D6D23571-1949-4710-A860-1E3054006668}.Release|Any CPU.Build.0 = Release|Any CPU
	EndGlobalSection
	GlobalSection(SolutionProperties) = preSolution
		HideSolutionNode = FALSE
	EndGlobalSection
	GlobalSection(ExtensibilityGlobals) = postSolution
		SolutionGuid = {8C6BEBC0-D73D-44A7-A490-1D2D77D5715F}
	EndGlobalSection
EndGlobal
